
Microsoft Visual Studio Solution File, Format Version 12.00
# Visual Studio Version 16
VisualStudioVersion = 25.0.1706.14
MinimumVisualStudioVersion = 10.0.40219.1
Project("{FAE04EC0-301F-11D3-BF4B-00C04F79EFBC}") = "SignalRWebApp", "SignalRWebApp\SignalRWebApp.csproj", "{907A43F7-2BC9-426C-BDFB-C079BF9228F9}"
EndProject
Global
	GlobalSection(SolutionConfigurationPlatforms) = preSolution
		Debug|Any CPU = Debug|Any CPU
		Release|Any CPU = Release|Any CPU
	EndGlobalSection
	GlobalSection(ProjectConfigurationPlatforms) = postSolution
		{907A43F7-2BC9-426C-BDFB-C079BF9228F9}.Debug|Any CPU.ActiveCfg = Debug|Any CPU
		{907A43F7-2BC9-426C-BDFB-C079BF9228F9}.Debug|Any CPU.Build.0 = Debug|Any CPU
		{907A43F7-2BC9-426C-BDFB-C079BF9228F9}.Release|Any CPU.ActiveCfg = Release|Any CPU
		{907A43F7-2BC9-426C-BDFB-C079BF9228F9}.Release|Any CPU.Build.0 = Release|Any CPU
	EndGlobalSection
	GlobalSection(SolutionProperties) = preSolution
		HideSolutionNode = FALSE
	EndGlobalSection
	GlobalSection(ExtensibilityGlobals) = postSolution
		SolutionGuid = {B9E2E81C-37A1-4B5F-865C-9E307AE40E15}
	EndGlobalSection
EndGlobal
